
Microsoft Visual Studio Solution File, Format Version 12.00
# Visual Studio Version 16
VisualStudioVersion = 16.0.31911.196
MinimumVisualStudioVersion = 10.0.40219.1
Project("{FAE04EC0-301F-11D3-BF4B-00C04F79EFBC}") = "Exercise18", "Exercise18\Exercise18.csproj", "{C7B54007-1208-4C85-B31B-56CA3884985A}"
EndProject
Global
	GlobalSection(SolutionConfigurationPlatforms) = preSolution
		Debug|Any CPU = Debug|Any CPU
		Release|Any CPU = Release|Any CPU
	EndGlobalSection
	GlobalSection(ProjectConfigurationPlatforms) = postSolution
		{C7B54007-1208-4C85-B31B-56CA3884985A}.Debug|Any CPU.ActiveCfg = Debug|Any CPU
		{C7B54007-1208-4C85-B31B-56CA3884985A}.Debug|Any CPU.Build.0 = Debug|Any CPU
		{C7B54007-1208-4C85-B31B-56CA3884985A}.Release|Any CPU.ActiveCfg = Release|Any CPU
		{C7B54007-1208-4C85-B31B-56CA3884985A}.Release|Any CPU.Build.0 = Release|Any CPU
	EndGlobalSection
	GlobalSection(SolutionProperties) = preSolution
		HideSolutionNode = FALSE
	EndGlobalSection
	GlobalSection(ExtensibilityGlobals) = postSolution
		SolutionGuid = {414D8A41-7226-4C8E-A699-38C4F95B1BD9}
	EndGlobalSection
EndGlobal
